// !$*UTF8*$!
{
	archiveVersion = 1;
	classes = {
	};
	objectVersion = 55;
	objects = {

/* Begin PBXBuildFile section */
		EAB67E222826903B0059852A /* AppDelegate.swift in Sources */ = {isa = PBXBuildFile; fileRef = EAB67E212826903B0059852A /* AppDelegate.swift */; };
		EAB67E242826903B0059852A /* SceneDelegate.swift in Sources */ = {isa = PBXBuildFile; fileRef = EAB67E232826903B0059852A /* SceneDelegate.swift */; };
		EAB67E2C2826903B0059852A /* TWeatherPro.xcdatamodeld in Sources */ = {isa = PBXBuildFile; fileRef = EAB67E2A2826903B0059852A /* TWeatherPro.xcdatamodeld */; };
		EAB67E2E2826903E0059852A /* Assets.xcassets in Resources */ = {isa = PBXBuildFile; fileRef = EAB67E2D2826903E0059852A /* Assets.xcassets */; };
		EAB67E312826903E0059852A /* LaunchScreen.storyboard in Resources */ = {isa = PBXBuildFile; fileRef = EAB67E2F2826903E0059852A /* LaunchScreen.storyboard */; };
		EAB67E562826906E0059852A /* MainView.swift in Sources */ = {isa = PBXBuildFile; fileRef = EAB67E552826906E0059852A /* MainView.swift */; };
		EAB67E582826907F0059852A /* MainVM.swift in Sources */ = {isa = PBXBuildFile; fileRef = EAB67E572826907F0059852A /* MainVM.swift */; };
		EAB67E5A2826908F0059852A /* MainModel.swift in Sources */ = {isa = PBXBuildFile; fileRef = EAB67E592826908F0059852A /* MainModel.swift */; };
		EAB67E5C282690C10059852A /* MainViewExt.swift in Sources */ = {isa = PBXBuildFile; fileRef = EAB67E5B282690C10059852A /* MainViewExt.swift */; };
		EAB67E5F282691070059852A /* ForecastView.swift in Sources */ = {isa = PBXBuildFile; fileRef = EAB67E5E282691070059852A /* ForecastView.swift */; };
		EAB67E61282691170059852A /* ForecastVM.swift in Sources */ = {isa = PBXBuildFile; fileRef = EAB67E60282691170059852A /* ForecastVM.swift */; };
		EAB67E63282691280059852A /* ForecastViewExt.swift in Sources */ = {isa = PBXBuildFile; fileRef = EAB67E62282691280059852A /* ForecastViewExt.swift */; };
		EAB67E66282691D30059852A /* InfoView.swift in Sources */ = {isa = PBXBuildFile; fileRef = EAB67E65282691D30059852A /* InfoView.swift */; };
		EAB67E68282691E60059852A /* InfoViewExt.swift in Sources */ = {isa = PBXBuildFile; fileRef = EAB67E67282691E60059852A /* InfoViewExt.swift */; };
		EAB67E70282692AF0059852A /* Networking.swift in Sources */ = {isa = PBXBuildFile; fileRef = EAB67E6F282692AF0059852A /* Networking.swift */; };
		EAB67E73282692DF0059852A /* LocationManager.swift in Sources */ = {isa = PBXBuildFile; fileRef = EAB67E72282692DF0059852A /* LocationManager.swift */; };
		EAB67E762826931C0059852A /* MainModelProtocol.swift in Sources */ = {isa = PBXBuildFile; fileRef = EAB67E752826931C0059852A /* MainModelProtocol.swift */; };
		EAB67E78282693410059852A /* MainVMProtocol.swift in Sources */ = {isa = PBXBuildFile; fileRef = EAB67E77282693410059852A /* MainVMProtocol.swift */; };
		EAB67E7A282693670059852A /* ForecastModelProtocol.swift in Sources */ = {isa = PBXBuildFile; fileRef = EAB67E79282693670059852A /* ForecastModelProtocol.swift */; };
		EAB67E7C282693900059852A /* ForecastVMProtocol.swift in Sources */ = {isa = PBXBuildFile; fileRef = EAB67E7B282693900059852A /* ForecastVMProtocol.swift */; };
		EAB67E7E282693B40059852A /* ForecastCellVMProtocol.swift in Sources */ = {isa = PBXBuildFile; fileRef = EAB67E7D282693B40059852A /* ForecastCellVMProtocol.swift */; };
		EAB67E81282693FF0059852A /* Box.swift in Sources */ = {isa = PBXBuildFile; fileRef = EAB67E80282693FF0059852A /* Box.swift */; };
		EAB67E85282694AF0059852A /* ForecastCell.xib in Resources */ = {isa = PBXBuildFile; fileRef = EAB67E84282694AF0059852A /* ForecastCell.xib */; };
		EAB67E87282695010059852A /* ForecastCellView.swift in Sources */ = {isa = PBXBuildFile; fileRef = EAB67E86282695010059852A /* ForecastCellView.swift */; };
		EAB67E8B282695A70059852A /* WeatherDataModel.swift in Sources */ = {isa = PBXBuildFile; fileRef = EAB67E8A282695A70059852A /* WeatherDataModel.swift */; };
		EAB67E8E282696400059852A /* ForecastCellVM.swift in Sources */ = {isa = PBXBuildFile; fileRef = EAB67E8D282696400059852A /* ForecastCellVM.swift */; };
		EAB67E92282936580059852A /* FontExt.swift in Sources */ = {isa = PBXBuildFile; fileRef = EAB67E91282936580059852A /* FontExt.swift */; };
		EAB67E98282991AA0059852A /* ColorExt.swift in Sources */ = {isa = PBXBuildFile; fileRef = EAB67E97282991AA0059852A /* ColorExt.swift */; };
/* End PBXBuildFile section */

/* Begin PBXContainerItemProxy section */
		EAB67E382826903E0059852A /* PBXContainerItemProxy */ = {
			isa = PBXContainerItemProxy;
			containerPortal = EAB67E162826903B0059852A /* Project object */;
			proxyType = 1;
			remoteGlobalIDString = EAB67E1D2826903B0059852A;
			remoteInfo = TWeatherPro;
		};
		EAB67E422826903E0059852A /* PBXContainerItemProxy */ = {
			isa = PBXContainerItemProxy;
			containerPortal = EAB67E162826903B0059852A /* Project object */;
			proxyType = 1;
			remoteGlobalIDString = EAB67E1D2826903B0059852A;
			remoteInfo = TWeatherPro;
		};
/* End PBXContainerItemProxy section */

/* Begin PBXFileReference section */
		EAB67E1E2826903B0059852A /* TWeatherPro.app */ = {isa = PBXFileReference; explicitFileType = wrapper.application; includeInIndex = 0; path = TWeatherPro.app; sourceTree = BUILT_PRODUCTS_DIR; };
		EAB67E212826903B0059852A /* AppDelegate.swift */ = {isa = PBXFileReference; lastKnownFileType = sourcecode.swift; path = AppDelegate.swift; sourceTree = "<group>"; };
		EAB67E232826903B0059852A /* SceneDelegate.swift */ = {isa = PBXFileReference; lastKnownFileType = sourcecode.swift; path = SceneDelegate.swift; sourceTree = "<group>"; };
		EAB67E2B2826903B0059852A /* TWeatherPro.xcdatamodel */ = {isa = PBXFileReference; lastKnownFileType = wrapper.xcdatamodel; path = TWeatherPro.xcdatamodel; sourceTree = "<group>"; };
		EAB67E2D2826903E0059852A /* Assets.xcassets */ = {isa = PBXFileReference; lastKnownFileType = folder.assetcatalog; path = Assets.xcassets; sourceTree = "<group>"; };
		EAB67E302826903E0059852A /* Base */ = {isa = PBXFileReference; lastKnownFileType = file.storyboard; name = Base; path = Base.lproj/LaunchScreen.storyboard; sourceTree = "<group>"; };
		EAB67E322826903E0059852A /* Info.plist */ = {isa = PBXFileReference; lastKnownFileType = text.plist.xml; path = Info.plist; sourceTree = "<group>"; };
		EAB67E372826903E0059852A /* TWeatherProTests.xctest */ = {isa = PBXFileReference; explicitFileType = wrapper.cfbundle; includeInIndex = 0; path = TWeatherProTests.xctest; sourceTree = BUILT_PRODUCTS_DIR; };
		EAB67E412826903E0059852A /* TWeatherProUITests.xctest */ = {isa = PBXFileReference; explicitFileType = wrapper.cfbundle; includeInIndex = 0; path = TWeatherProUITests.xctest; sourceTree = BUILT_PRODUCTS_DIR; };
		EAB67E552826906E0059852A /* MainView.swift */ = {isa = PBXFileReference; lastKnownFileType = sourcecode.swift; path = MainView.swift; sourceTree = "<group>"; };
		EAB67E572826907F0059852A /* MainVM.swift */ = {isa = PBXFileReference; lastKnownFileType = sourcecode.swift; path = MainVM.swift; sourceTree = "<group>"; };
		EAB67E592826908F0059852A /* MainModel.swift */ = {isa = PBXFileReference; lastKnownFileType = sourcecode.swift; path = MainModel.swift; sourceTree = "<group>"; };
		EAB67E5B282690C10059852A /* MainViewExt.swift */ = {isa = PBXFileReference; lastKnownFileType = sourcecode.swift; path = MainViewExt.swift; sourceTree = "<group>"; };
		EAB67E5E282691070059852A /* ForecastView.swift */ = {isa = PBXFileReference; lastKnownFileType = sourcecode.swift; path = ForecastView.swift; sourceTree = "<group>"; };
		EAB67E60282691170059852A /* ForecastVM.swift */ = {isa = PBXFileReference; lastKnownFileType = sourcecode.swift; path = ForecastVM.swift; sourceTree = "<group>"; };
		EAB67E62282691280059852A /* ForecastViewExt.swift */ = {isa = PBXFileReference; lastKnownFileType = sourcecode.swift; path = ForecastViewExt.swift; sourceTree = "<group>"; };
		EAB67E65282691D30059852A /* InfoView.swift */ = {isa = PBXFileReference; lastKnownFileType = sourcecode.swift; path = InfoView.swift; sourceTree = "<group>"; };
		EAB67E67282691E60059852A /* InfoViewExt.swift */ = {isa = PBXFileReference; lastKnownFileType = sourcecode.swift; path = InfoViewExt.swift; sourceTree = "<group>"; };
		EAB67E6F282692AF0059852A /* Networking.swift */ = {isa = PBXFileReference; lastKnownFileType = sourcecode.swift; path = Networking.swift; sourceTree = "<group>"; };
		EAB67E72282692DF0059852A /* LocationManager.swift */ = {isa = PBXFileReference; lastKnownFileType = sourcecode.swift; path = LocationManager.swift; sourceTree = "<group>"; };
		EAB67E752826931C0059852A /* MainModelProtocol.swift */ = {isa = PBXFileReference; lastKnownFileType = sourcecode.swift; path = MainModelProtocol.swift; sourceTree = "<group>"; };
		EAB67E77282693410059852A /* MainVMProtocol.swift */ = {isa = PBXFileReference; lastKnownFileType = sourcecode.swift; path = MainVMProtocol.swift; sourceTree = "<group>"; };
		EAB67E79282693670059852A /* ForecastModelProtocol.swift */ = {isa = PBXFileReference; lastKnownFileType = sourcecode.swift; path = ForecastModelProtocol.swift; sourceTree = "<group>"; };
		EAB67E7B282693900059852A /* ForecastVMProtocol.swift */ = {isa = PBXFileReference; lastKnownFileType = sourcecode.swift; path = ForecastVMProtocol.swift; sourceTree = "<group>"; };
		EAB67E7D282693B40059852A /* ForecastCellVMProtocol.swift */ = {isa = PBXFileReference; lastKnownFileType = sourcecode.swift; path = ForecastCellVMProtocol.swift; sourceTree = "<group>"; };
		EAB67E80282693FF0059852A /* Box.swift */ = {isa = PBXFileReference; lastKnownFileType = sourcecode.swift; path = Box.swift; sourceTree = "<group>"; };
		EAB67E84282694AF0059852A /* ForecastCell.xib */ = {isa = PBXFileReference; fileEncoding = 4; lastKnownFileType = file.xib; path = ForecastCell.xib; sourceTree = "<group>"; };
		EAB67E86282695010059852A /* ForecastCellView.swift */ = {isa = PBXFileReference; lastKnownFileType = sourcecode.swift; path = ForecastCellView.swift; sourceTree = "<group>"; };
		EAB67E8A282695A70059852A /* WeatherDataModel.swift */ = {isa = PBXFileReference; lastKnownFileType = sourcecode.swift; path = WeatherDataModel.swift; sourceTree = "<group>"; };
		EAB67E8D282696400059852A /* ForecastCellVM.swift */ = {isa = PBXFileReference; lastKnownFileType = sourcecode.swift; path = ForecastCellVM.swift; sourceTree = "<group>"; };
		EAB67E91282936580059852A /* FontExt.swift */ = {isa = PBXFileReference; lastKnownFileType = sourcecode.swift; path = FontExt.swift; sourceTree = "<group>"; };
		EAB67E97282991AA0059852A /* ColorExt.swift */ = {isa = PBXFileReference; lastKnownFileType = sourcecode.swift; path = ColorExt.swift; sourceTree = "<group>"; };
/* End PBXFileReference section */

/* Begin PBXFrameworksBuildPhase section */
		EAB67E1B2826903B0059852A /* Frameworks */ = {
			isa = PBXFrameworksBuildPhase;
			buildActionMask = 2147483647;
			files = (
			);
			runOnlyForDeploymentPostprocessing = 0;
		};
		EAB67E342826903E0059852A /* Frameworks */ = {
			isa = PBXFrameworksBuildPhase;
			buildActionMask = 2147483647;
			files = (
			);
			runOnlyForDeploymentPostprocessing = 0;
		};
		EAB67E3E2826903E0059852A /* Frameworks */ = {
			isa = PBXFrameworksBuildPhase;
			buildActionMask = 2147483647;
			files = (
			);
			runOnlyForDeploymentPostprocessing = 0;
		};
/* End PBXFrameworksBuildPhase section */

/* Begin PBXGroup section */
		EAB67E152826903B0059852A = {
			isa = PBXGroup;
			children = (
				EAB67E202826903B0059852A /* TWeatherPro */,
				EAB67E1F2826903B0059852A /* Products */,
			);
			sourceTree = "<group>";
		};
		EAB67E1F2826903B0059852A /* Products */ = {
			isa = PBXGroup;
			children = (
				EAB67E1E2826903B0059852A /* TWeatherPro.app */,
				EAB67E372826903E0059852A /* TWeatherProTests.xctest */,
				EAB67E412826903E0059852A /* TWeatherProUITests.xctest */,
			);
			name = Products;
			sourceTree = "<group>";
		};
		EAB67E202826903B0059852A /* TWeatherPro */ = {
			isa = PBXGroup;
			children = (
				EAB67E992829A2DE0059852A /* Supporting */,
				EAB67E90282936360059852A /* UIKit Ext */,
				EAB67E88282695720059852A /* DataModel */,
				EAB67E7F282693DD0059852A /* Binding */,
				EAB67E74282693000059852A /* Protocols */,
				EAB67E6C282692690059852A /* Services */,
				EAB67E64282691C00059852A /* Info */,
				EAB67E5D282690DE0059852A /* Forecast */,
				EAB67E542826904C0059852A /* Main */,
				EAB67E2D2826903E0059852A /* Assets.xcassets */,
				EAB67E2F2826903E0059852A /* LaunchScreen.storyboard */,
				EAB67E322826903E0059852A /* Info.plist */,
				EAB67E2A2826903B0059852A /* TWeatherPro.xcdatamodeld */,
			);
			path = TWeatherPro;
			sourceTree = "<group>";
		};
		EAB67E542826904C0059852A /* Main */ = {
			isa = PBXGroup;
			children = (
				EAB67E552826906E0059852A /* MainView.swift */,
				EAB67E5B282690C10059852A /* MainViewExt.swift */,
				EAB67E572826907F0059852A /* MainVM.swift */,
				EAB67E592826908F0059852A /* MainModel.swift */,
			);
			path = Main;
			sourceTree = "<group>";
		};
		EAB67E5D282690DE0059852A /* Forecast */ = {
			isa = PBXGroup;
			children = (
				EAB67E82282694180059852A /* Cell */,
				EAB67E5E282691070059852A /* ForecastView.swift */,
				EAB67E62282691280059852A /* ForecastViewExt.swift */,
				EAB67E60282691170059852A /* ForecastVM.swift */,
			);
			path = Forecast;
			sourceTree = "<group>";
		};
		EAB67E64282691C00059852A /* Info */ = {
			isa = PBXGroup;
			children = (
				EAB67E65282691D30059852A /* InfoView.swift */,
				EAB67E67282691E60059852A /* InfoViewExt.swift */,
			);
			path = Info;
			sourceTree = "<group>";
		};
		EAB67E6C282692690059852A /* Services */ = {
			isa = PBXGroup;
			children = (
				EAB67E6E2826927E0059852A /* Location */,
				EAB67E6D282692730059852A /* Network */,
			);
			path = Services;
			sourceTree = "<group>";
		};
		EAB67E6D282692730059852A /* Network */ = {
			isa = PBXGroup;
			children = (
				EAB67E6F282692AF0059852A /* Networking.swift */,
			);
			path = Network;
			sourceTree = "<group>";
		};
		EAB67E6E2826927E0059852A /* Location */ = {
			isa = PBXGroup;
			children = (
				EAB67E72282692DF0059852A /* LocationManager.swift */,
			);
			path = Location;
			sourceTree = "<group>";
		};
		EAB67E74282693000059852A /* Protocols */ = {
			isa = PBXGroup;
			children = (
				EAB67E752826931C0059852A /* MainModelProtocol.swift */,
				EAB67E77282693410059852A /* MainVMProtocol.swift */,
				EAB67E79282693670059852A /* ForecastModelProtocol.swift */,
				EAB67E7B282693900059852A /* ForecastVMProtocol.swift */,
				EAB67E7D282693B40059852A /* ForecastCellVMProtocol.swift */,
			);
			path = Protocols;
			sourceTree = "<group>";
		};
		EAB67E7F282693DD0059852A /* Binding */ = {
			isa = PBXGroup;
			children = (
				EAB67E80282693FF0059852A /* Box.swift */,
			);
			path = Binding;
			sourceTree = "<group>";
		};
		EAB67E82282694180059852A /* Cell */ = {
			isa = PBXGroup;
			children = (
				EAB67E8F282696570059852A /* Model */,
				EAB67E8C282696230059852A /* ViewModel */,
				EAB67E83282694340059852A /* xib */,
			);
			path = Cell;
			sourceTree = "<group>";
		};
		EAB67E83282694340059852A /* xib */ = {
			isa = PBXGroup;
			children = (
				EAB67E84282694AF0059852A /* ForecastCell.xib */,
			);
			path = xib;
			sourceTree = "<group>";
		};
		EAB67E88282695720059852A /* DataModel */ = {
			isa = PBXGroup;
			children = (
				EAB67E8A282695A70059852A /* WeatherDataModel.swift */,
			);
			path = DataModel;
			sourceTree = "<group>";
		};
		EAB67E8C282696230059852A /* ViewModel */ = {
			isa = PBXGroup;
			children = (
				EAB67E8D282696400059852A /* ForecastCellVM.swift */,
			);
			path = ViewModel;
			sourceTree = "<group>";
		};
		EAB67E8F282696570059852A /* Model */ = {
			isa = PBXGroup;
			children = (
				EAB67E86282695010059852A /* ForecastCellView.swift */,
			);
			path = Model;
			sourceTree = "<group>";
		};
		EAB67E90282936360059852A /* UIKit Ext */ = {
			isa = PBXGroup;
			children = (
				EAB67E91282936580059852A /* FontExt.swift */,
				EAB67E97282991AA0059852A /* ColorExt.swift */,
			);
			path = "UIKit Ext";
			sourceTree = "<group>";
		};
		EAB67E992829A2DE0059852A /* Supporting */ = {
			isa = PBXGroup;
			children = (
				EAB67E232826903B0059852A /* SceneDelegate.swift */,
				EAB67E212826903B0059852A /* AppDelegate.swift */,
			);
			path = Supporting;
			sourceTree = "<group>";
		};
/* End PBXGroup section */

/* Begin PBXNativeTarget section */
		EAB67E1D2826903B0059852A /* TWeatherPro */ = {
			isa = PBXNativeTarget;
			buildConfigurationList = EAB67E4B2826903E0059852A /* Build configuration list for PBXNativeTarget "TWeatherPro" */;
			buildPhases = (
				EAB67E1A2826903B0059852A /* Sources */,
				EAB67E1B2826903B0059852A /* Frameworks */,
				EAB67E1C2826903B0059852A /* Resources */,
			);
			buildRules = (
			);
			dependencies = (
			);
			name = TWeatherPro;
			productName = TWeatherPro;
			productReference = EAB67E1E2826903B0059852A /* TWeatherPro.app */;
			productType = "com.apple.product-type.application";
		};
		EAB67E362826903E0059852A /* TWeatherProTests */ = {
			isa = PBXNativeTarget;
			buildConfigurationList = EAB67E4E2826903E0059852A /* Build configuration list for PBXNativeTarget "TWeatherProTests" */;
			buildPhases = (
				EAB67E332826903E0059852A /* Sources */,
				EAB67E342826903E0059852A /* Frameworks */,
				EAB67E352826903E0059852A /* Resources */,
			);
			buildRules = (
			);
			dependencies = (
				EAB67E392826903E0059852A /* PBXTargetDependency */,
			);
			name = TWeatherProTests;
			productName = TWeatherProTests;
			productReference = EAB67E372826903E0059852A /* TWeatherProTests.xctest */;
			productType = "com.apple.product-type.bundle.unit-test";
		};
		EAB67E402826903E0059852A /* TWeatherProUITests */ = {
			isa = PBXNativeTarget;
			buildConfigurationList = EAB67E512826903E0059852A /* Build configuration list for PBXNativeTarget "TWeatherProUITests" */;
			buildPhases = (
				EAB67E3D2826903E0059852A /* Sources */,
				EAB67E3E2826903E0059852A /* Frameworks */,
				EAB67E3F2826903E0059852A /* Resources */,
			);
			buildRules = (
			);
			dependencies = (
				EAB67E432826903E0059852A /* PBXTargetDependency */,
			);
			name = TWeatherProUITests;
			productName = TWeatherProUITests;
			productReference = EAB67E412826903E0059852A /* TWeatherProUITests.xctest */;
			productType = "com.apple.product-type.bundle.ui-testing";
		};
/* End PBXNativeTarget section */

/* Begin PBXProject section */
		EAB67E162826903B0059852A /* Project object */ = {
			isa = PBXProject;
			attributes = {
				BuildIndependentTargetsInParallel = 1;
				LastSwiftUpdateCheck = 1330;
				LastUpgradeCheck = 1330;
				TargetAttributes = {
					EAB67E1D2826903B0059852A = {
						CreatedOnToolsVersion = 13.3.1;
					};
					EAB67E362826903E0059852A = {
						CreatedOnToolsVersion = 13.3.1;
						TestTargetID = EAB67E1D2826903B0059852A;
					};
					EAB67E402826903E0059852A = {
						CreatedOnToolsVersion = 13.3.1;
						TestTargetID = EAB67E1D2826903B0059852A;
					};
				};
			};
			buildConfigurationList = EAB67E192826903B0059852A /* Build configuration list for PBXProject "TWeatherPro" */;
			compatibilityVersion = "Xcode 13.0";
			developmentRegion = en;
			hasScannedForEncodings = 0;
			knownRegions = (
				en,
				Base,
			);
			mainGroup = EAB67E152826903B0059852A;
			productRefGroup = EAB67E1F2826903B0059852A /* Products */;
			projectDirPath = "";
			projectRoot = "";
			targets = (
				EAB67E1D2826903B0059852A /* TWeatherPro */,
				EAB67E362826903E0059852A /* TWeatherProTests */,
				EAB67E402826903E0059852A /* TWeatherProUITests */,
			);
		};
/* End PBXProject section */

/* Begin PBXResourcesBuildPhase section */
		EAB67E1C2826903B0059852A /* Resources */ = {
			isa = PBXResourcesBuildPhase;
			buildActionMask = 2147483647;
			files = (
				EAB67E85282694AF0059852A /* ForecastCell.xib in Resources */,
				EAB67E312826903E0059852A /* LaunchScreen.storyboard in Resources */,
				EAB67E2E2826903E0059852A /* Assets.xcassets in Resources */,
			);
			runOnlyForDeploymentPostprocessing = 0;
		};
		EAB67E352826903E0059852A /* Resources */ = {
			isa = PBXResourcesBuildPhase;
			buildActionMask = 2147483647;
			files = (
			);
			runOnlyForDeploymentPostprocessing = 0;
		};
		EAB67E3F2826903E0059852A /* Resources */ = {
			isa = PBXResourcesBuildPhase;
			buildActionMask = 2147483647;
			files = (
			);
			runOnlyForDeploymentPostprocessing = 0;
		};
/* End PBXResourcesBuildPhase section */

/* Begin PBXSourcesBuildPhase section */
		EAB67E1A2826903B0059852A /* Sources */ = {
			isa = PBXSourcesBuildPhase;
			buildActionMask = 2147483647;
			files = (
				EAB67E8E282696400059852A /* ForecastCellVM.swift in Sources */,
				EAB67E582826907F0059852A /* MainVM.swift in Sources */,
				EAB67E63282691280059852A /* ForecastViewExt.swift in Sources */,
				EAB67E2C2826903B0059852A /* TWeatherPro.xcdatamodeld in Sources */,
				EAB67E73282692DF0059852A /* LocationManager.swift in Sources */,
				EAB67E81282693FF0059852A /* Box.swift in Sources */,
				EAB67E78282693410059852A /* MainVMProtocol.swift in Sources */,
				EAB67E66282691D30059852A /* InfoView.swift in Sources */,
				EAB67E5A2826908F0059852A /* MainModel.swift in Sources */,
				EAB67E7E282693B40059852A /* ForecastCellVMProtocol.swift in Sources */,
				EAB67E7A282693670059852A /* ForecastModelProtocol.swift in Sources */,
				EAB67E70282692AF0059852A /* Networking.swift in Sources */,
				EAB67E7C282693900059852A /* ForecastVMProtocol.swift in Sources */,
				EAB67E222826903B0059852A /* AppDelegate.swift in Sources */,
				EAB67E68282691E60059852A /* InfoViewExt.swift in Sources */,
				EAB67E5F282691070059852A /* ForecastView.swift in Sources */,
				EAB67E5C282690C10059852A /* MainViewExt.swift in Sources */,
				EAB67E92282936580059852A /* FontExt.swift in Sources */,
				EAB67E61282691170059852A /* ForecastVM.swift in Sources */,
				EAB67E562826906E0059852A /* MainView.swift in Sources */,
				EAB67E8B282695A70059852A /* WeatherDataModel.swift in Sources */,
				EAB67E98282991AA0059852A /* ColorExt.swift in Sources */,
				EAB67E762826931C0059852A /* MainModelProtocol.swift in Sources */,
				EAB67E87282695010059852A /* ForecastCellView.swift in Sources */,
				EAB67E242826903B0059852A /* SceneDelegate.swift in Sources */,
			);
			runOnlyForDeploymentPostprocessing = 0;
		};
		EAB67E332826903E0059852A /* Sources */ = {
			isa = PBXSourcesBuildPhase;
			buildActionMask = 2147483647;
			files = (
			);
			runOnlyForDeploymentPostprocessing = 0;
		};
		EAB67E3D2826903E0059852A /* Sources */ = {
			isa = PBXSourcesBuildPhase;
			buildActionMask = 2147483647;
			files = (
			);
			runOnlyForDeploymentPostprocessing = 0;
		};
/* End PBXSourcesBuildPhase section */

/* Begin PBXTargetDependency section */
		EAB67E392826903E0059852A /* PBXTargetDependency */ = {
			isa = PBXTargetDependency;
			target = EAB67E1D2826903B0059852A /* TWeatherPro */;
			targetProxy = EAB67E382826903E0059852A /* PBXContainerItemProxy */;
		};
		EAB67E432826903E0059852A /* PBXTargetDependency */ = {
			isa = PBXTargetDependency;
			target = EAB67E1D2826903B0059852A /* TWeatherPro */;
			targetProxy = EAB67E422826903E0059852A /* PBXContainerItemProxy */;
		};
/* End PBXTargetDependency section */

/* Begin PBXVariantGroup section */
		EAB67E2F2826903E0059852A /* LaunchScreen.storyboard */ = {
			isa = PBXVariantGroup;
			children = (
				EAB67E302826903E0059852A /* Base */,
			);
			name = LaunchScreen.storyboard;
			sourceTree = "<group>";
		};
/* End PBXVariantGroup section */

/* Begin XCBuildConfiguration section */
		EAB67E492826903E0059852A /* Debug */ = {
			isa = XCBuildConfiguration;
			buildSettings = {
				ALWAYS_SEARCH_USER_PATHS = NO;
				CLANG_ANALYZER_NONNULL = YES;
				CLANG_ANALYZER_NUMBER_OBJECT_CONVERSION = YES_AGGRESSIVE;
				CLANG_CXX_LANGUAGE_STANDARD = "gnu++17";
				CLANG_ENABLE_MODULES = YES;
				CLANG_ENABLE_OBJC_ARC = YES;
				CLANG_ENABLE_OBJC_WEAK = YES;
				CLANG_WARN_BLOCK_CAPTURE_AUTORELEASING = YES;
				CLANG_WARN_BOOL_CONVERSION = YES;
				CLANG_WARN_COMMA = YES;
				CLANG_WARN_CONSTANT_CONVERSION = YES;
				CLANG_WARN_DEPRECATED_OBJC_IMPLEMENTATIONS = YES;
				CLANG_WARN_DIRECT_OBJC_ISA_USAGE = YES_ERROR;
				CLANG_WARN_DOCUMENTATION_COMMENTS = YES;
				CLANG_WARN_EMPTY_BODY = YES;
				CLANG_WARN_ENUM_CONVERSION = YES;
				CLANG_WARN_INFINITE_RECURSION = YES;
				CLANG_WARN_INT_CONVERSION = YES;
				CLANG_WARN_NON_LITERAL_NULL_CONVERSION = YES;
				CLANG_WARN_OBJC_IMPLICIT_RETAIN_SELF = YES;
				CLANG_WARN_OBJC_LITERAL_CONVERSION = YES;
				CLANG_WARN_OBJC_ROOT_CLASS = YES_ERROR;
				CLANG_WARN_QUOTED_INCLUDE_IN_FRAMEWORK_HEADER = YES;
				CLANG_WARN_RANGE_LOOP_ANALYSIS = YES;
				CLANG_WARN_STRICT_PROTOTYPES = YES;
				CLANG_WARN_SUSPICIOUS_MOVE = YES;
				CLANG_WARN_UNGUARDED_AVAILABILITY = YES_AGGRESSIVE;
				CLANG_WARN_UNREACHABLE_CODE = YES;
				CLANG_WARN__DUPLICATE_METHOD_MATCH = YES;
				COPY_PHASE_STRIP = NO;
				DEBUG_INFORMATION_FORMAT = dwarf;
				ENABLE_STRICT_OBJC_MSGSEND = YES;
				ENABLE_TESTABILITY = YES;
				GCC_C_LANGUAGE_STANDARD = gnu11;
				GCC_DYNAMIC_NO_PIC = NO;
				GCC_NO_COMMON_BLOCKS = YES;
				GCC_OPTIMIZATION_LEVEL = 0;
				GCC_PREPROCESSOR_DEFINITIONS = (
					"DEBUG=1",
					"$(inherited)",
				);
				GCC_WARN_64_TO_32_BIT_CONVERSION = YES;
				GCC_WARN_ABOUT_RETURN_TYPE = YES_ERROR;
				GCC_WARN_UNDECLARED_SELECTOR = YES;
				GCC_WARN_UNINITIALIZED_AUTOS = YES_AGGRESSIVE;
				GCC_WARN_UNUSED_FUNCTION = YES;
				GCC_WARN_UNUSED_VARIABLE = YES;
				IPHONEOS_DEPLOYMENT_TARGET = 15.4;
				MTL_ENABLE_DEBUG_INFO = INCLUDE_SOURCE;
				MTL_FAST_MATH = YES;
				ONLY_ACTIVE_ARCH = YES;
				SDKROOT = iphoneos;
				SWIFT_ACTIVE_COMPILATION_CONDITIONS = DEBUG;
				SWIFT_OPTIMIZATION_LEVEL = "-Onone";
			};
			name = Debug;
		};
		EAB67E4A2826903E0059852A /* Release */ = {
			isa = XCBuildConfiguration;
			buildSettings = {
				ALWAYS_SEARCH_USER_PATHS = NO;
				CLANG_ANALYZER_NONNULL = YES;
				CLANG_ANALYZER_NUMBER_OBJECT_CONVERSION = YES_AGGRESSIVE;
				CLANG_CXX_LANGUAGE_STANDARD = "gnu++17";
				CLANG_ENABLE_MODULES = YES;
				CLANG_ENABLE_OBJC_ARC = YES;
				CLANG_ENABLE_OBJC_WEAK = YES;
				CLANG_WARN_BLOCK_CAPTURE_AUTORELEASING = YES;
				CLANG_WARN_BOOL_CONVERSION = YES;
				CLANG_WARN_COMMA = YES;
				CLANG_WARN_CONSTANT_CONVERSION = YES;
				CLANG_WARN_DEPRECATED_OBJC_IMPLEMENTATIONS = YES;
				CLANG_WARN_DIRECT_OBJC_ISA_USAGE = YES_ERROR;
				CLANG_WARN_DOCUMENTATION_COMMENTS = YES;
				CLANG_WARN_EMPTY_BODY = YES;
				CLANG_WARN_ENUM_CONVERSION = YES;
				CLANG_WARN_INFINITE_RECURSION = YES;
				CLANG_WARN_INT_CONVERSION = YES;
				CLANG_WARN_NON_LITERAL_NULL_CONVERSION = YES;
				CLANG_WARN_OBJC_IMPLICIT_RETAIN_SELF = YES;
				CLANG_WARN_OBJC_LITERAL_CONVERSION = YES;
				CLANG_WARN_OBJC_ROOT_CLASS = YES_ERROR;
				CLANG_WARN_QUOTED_INCLUDE_IN_FRAMEWORK_HEADER = YES;
				CLANG_WARN_RANGE_LOOP_ANALYSIS = YES;
				CLANG_WARN_STRICT_PROTOTYPES = YES;
				CLANG_WARN_SUSPICIOUS_MOVE = YES;
				CLANG_WARN_UNGUARDED_AVAILABILITY = YES_AGGRESSIVE;
				CLANG_WARN_UNREACHABLE_CODE = YES;
				CLANG_WARN__DUPLICATE_METHOD_MATCH = YES;
				COPY_PHASE_STRIP = NO;
				DEBUG_INFORMATION_FORMAT = "dwarf-with-dsym";
				ENABLE_NS_ASSERTIONS = NO;
				ENABLE_STRICT_OBJC_MSGSEND = YES;
				GCC_C_LANGUAGE_STANDARD = gnu11;
				GCC_NO_COMMON_BLOCKS = YES;
				GCC_WARN_64_TO_32_BIT_CONVERSION = YES;
				GCC_WARN_ABOUT_RETURN_TYPE = YES_ERROR;
				GCC_WARN_UNDECLARED_SELECTOR = YES;
				GCC_WARN_UNINITIALIZED_AUTOS = YES_AGGRESSIVE;
				GCC_WARN_UNUSED_FUNCTION = YES;
				GCC_WARN_UNUSED_VARIABLE = YES;
				IPHONEOS_DEPLOYMENT_TARGET = 15.4;
				MTL_ENABLE_DEBUG_INFO = NO;
				MTL_FAST_MATH = YES;
				SDKROOT = iphoneos;
				SWIFT_COMPILATION_MODE = wholemodule;
				SWIFT_OPTIMIZATION_LEVEL = "-O";
				VALIDATE_PRODUCT = YES;
			};
			name = Release;
		};
		EAB67E4C2826903E0059852A /* Debug */ = {
			isa = XCBuildConfiguration;
			buildSettings = {
				ASSETCATALOG_COMPILER_APPICON_NAME = AppIcon;
				ASSETCATALOG_COMPILER_GLOBAL_ACCENT_COLOR_NAME = AccentColor;
				CODE_SIGN_STYLE = Automatic;
				CURRENT_PROJECT_VERSION = 1;
				DEVELOPMENT_TEAM = N3M99ZZ624;
				GENERATE_INFOPLIST_FILE = YES;
				INFOPLIST_FILE = TWeatherPro/Info.plist;
				INFOPLIST_KEY_UIApplicationSupportsIndirectInputEvents = YES;
				INFOPLIST_KEY_UILaunchStoryboardName = LaunchScreen;
				INFOPLIST_KEY_UISupportedInterfaceOrientations_iPad = "UIInterfaceOrientationPortrait UIInterfaceOrientationPortraitUpsideDown UIInterfaceOrientationLandscapeLeft UIInterfaceOrientationLandscapeRight";
				INFOPLIST_KEY_UISupportedInterfaceOrientations_iPhone = "UIInterfaceOrientationPortrait UIInterfaceOrientationLandscapeLeft UIInterfaceOrientationLandscapeRight";
				LD_RUNPATH_SEARCH_PATHS = (
					"$(inherited)",
					"@executable_path/Frameworks",
				);
				MARKETING_VERSION = 1.0;
				PRODUCT_BUNDLE_IDENTIFIER = "dsc-.TWeatherPro";
				PRODUCT_NAME = "$(TARGET_NAME)";
				SWIFT_EMIT_LOC_STRINGS = YES;
				SWIFT_VERSION = 5.0;
				TARGETED_DEVICE_FAMILY = "1,2";
			};
			name = Debug;
		};
		EAB67E4D2826903E0059852A /* Release */ = {
			isa = XCBuildConfiguration;
			buildSettings = {
				ASSETCATALOG_COMPILER_APPICON_NAME = AppIcon;
				ASSETCATALOG_COMPILER_GLOBAL_ACCENT_COLOR_NAME = AccentColor;
				CODE_SIGN_STYLE = Automatic;
				CURRENT_PROJECT_VERSION = 1;
				DEVELOPMENT_TEAM = N3M99ZZ624;
				GENERATE_INFOPLIST_FILE = YES;
				INFOPLIST_FILE = TWeatherPro/Info.plist;
				INFOPLIST_KEY_UIApplicationSupportsIndirectInputEvents = YES;
				INFOPLIST_KEY_UILaunchStoryboardName = LaunchScreen;
				INFOPLIST_KEY_UISupportedInterfaceOrientations_iPad = "UIInterfaceOrientationPortrait UIInterfaceOrientationPortraitUpsideDown UIInterfaceOrientationLandscapeLeft UIInterfaceOrientationLandscapeRight";
				INFOPLIST_KEY_UISupportedInterfaceOrientations_iPhone = "UIInterfaceOrientationPortrait UIInterfaceOrientationLandscapeLeft UIInterfaceOrientationLandscapeRight";
				LD_RUNPATH_SEARCH_PATHS = (
					"$(inherited)",
					"@executable_path/Frameworks",
				);
				MARKETING_VERSION = 1.0;
				PRODUCT_BUNDLE_IDENTIFIER = "dsc-.TWeatherPro";
				PRODUCT_NAME = "$(TARGET_NAME)";
				SWIFT_EMIT_LOC_STRINGS = YES;
				SWIFT_VERSION = 5.0;
				TARGETED_DEVICE_FAMILY = "1,2";
			};
			name = Release;
		};
		EAB67E4F2826903E0059852A /* Debug */ = {
			isa = XCBuildConfiguration;
			buildSettings = {
				ALWAYS_EMBED_SWIFT_STANDARD_LIBRARIES = YES;
				BUNDLE_LOADER = "$(TEST_HOST)";
				CODE_SIGN_STYLE = Automatic;
				CURRENT_PROJECT_VERSION = 1;
				DEVELOPMENT_TEAM = N3M99ZZ624;
				GENERATE_INFOPLIST_FILE = YES;
				IPHONEOS_DEPLOYMENT_TARGET = 15.4;
				MARKETING_VERSION = 1.0;
				PRODUCT_BUNDLE_IDENTIFIER = "dsc-.TWeatherProTests";
				PRODUCT_NAME = "$(TARGET_NAME)";
				SWIFT_EMIT_LOC_STRINGS = NO;
				SWIFT_VERSION = 5.0;
				TARGETED_DEVICE_FAMILY = "1,2";
				TEST_HOST = "$(BUILT_PRODUCTS_DIR)/TWeatherPro.app/TWeatherPro";
			};
			name = Debug;
		};
		EAB67E502826903E0059852A /* Release */ = {
			isa = XCBuildConfiguration;
			buildSettings = {
				ALWAYS_EMBED_SWIFT_STANDARD_LIBRARIES = YES;
				BUNDLE_LOADER = "$(TEST_HOST)";
				CODE_SIGN_STYLE = Automatic;
				CURRENT_PROJECT_VERSION = 1;
				DEVELOPMENT_TEAM = N3M99ZZ624;
				GENERATE_INFOPLIST_FILE = YES;
				IPHONEOS_DEPLOYMENT_TARGET = 15.4;
				MARKETING_VERSION = 1.0;
				PRODUCT_BUNDLE_IDENTIFIER = "dsc-.TWeatherProTests";
				PRODUCT_NAME = "$(TARGET_NAME)";
				SWIFT_EMIT_LOC_STRINGS = NO;
				SWIFT_VERSION = 5.0;
				TARGETED_DEVICE_FAMILY = "1,2";
				TEST_HOST = "$(BUILT_PRODUCTS_DIR)/TWeatherPro.app/TWeatherPro";
			};
			name = Release;
		};
		EAB67E522826903E0059852A /* Debug */ = {
			isa = XCBuildConfiguration;
			buildSettings = {
				ALWAYS_EMBED_SWIFT_STANDARD_LIBRARIES = YES;
				CODE_SIGN_STYLE = Automatic;
				CURRENT_PROJECT_VERSION = 1;
				DEVELOPMENT_TEAM = N3M99ZZ624;
				GENERATE_INFOPLIST_FILE = YES;
				MARKETING_VERSION = 1.0;
				PRODUCT_BUNDLE_IDENTIFIER = "dsc-.TWeatherProUITests";
				PRODUCT_NAME = "$(TARGET_NAME)";
				SWIFT_EMIT_LOC_STRINGS = NO;
				SWIFT_VERSION = 5.0;
				TARGETED_DEVICE_FAMILY = "1,2";
				TEST_TARGET_NAME = TWeatherPro;
			};
			name = Debug;
		};
		EAB67E532826903E0059852A /* Release */ = {
			isa = XCBuildConfiguration;
			buildSettings = {
				ALWAYS_EMBED_SWIFT_STANDARD_LIBRARIES = YES;
				CODE_SIGN_STYLE = Automatic;
				CURRENT_PROJECT_VERSION = 1;
				DEVELOPMENT_TEAM = N3M99ZZ624;
				GENERATE_INFOPLIST_FILE = YES;
				MARKETING_VERSION = 1.0;
				PRODUCT_BUNDLE_IDENTIFIER = "dsc-.TWeatherProUITests";
				PRODUCT_NAME = "$(TARGET_NAME)";
				SWIFT_EMIT_LOC_STRINGS = NO;
				SWIFT_VERSION = 5.0;
				TARGETED_DEVICE_FAMILY = "1,2";
				TEST_TARGET_NAME = TWeatherPro;
			};
			name = Release;
		};
/* End XCBuildConfiguration section */

/* Begin XCConfigurationList section */
		EAB67E192826903B0059852A /* Build configuration list for PBXProject "TWeatherPro" */ = {
			isa = XCConfigurationList;
			buildConfigurations = (
				EAB67E492826903E0059852A /* Debug */,
				EAB67E4A2826903E0059852A /* Release */,
			);
			defaultConfigurationIsVisible = 0;
			defaultConfigurationName = Release;
		};
		EAB67E4B2826903E0059852A /* Build configuration list for PBXNativeTarget "TWeatherPro" */ = {
			isa = XCConfigurationList;
			buildConfigurations = (
				EAB67E4C2826903E0059852A /* Debug */,
				EAB67E4D2826903E0059852A /* Release */,
			);
			defaultConfigurationIsVisible = 0;
			defaultConfigurationName = Release;
		};
		EAB67E4E2826903E0059852A /* Build configuration list for PBXNativeTarget "TWeatherProTests" */ = {
			isa = XCConfigurationList;
			buildConfigurations = (
				EAB67E4F2826903E0059852A /* Debug */,
				EAB67E502826903E0059852A /* Release */,
			);
			defaultConfigurationIsVisible = 0;
			defaultConfigurationName = Release;
		};
		EAB67E512826903E0059852A /* Build configuration list for PBXNativeTarget "TWeatherProUITests" */ = {
			isa = XCConfigurationList;
			buildConfigurations = (
				EAB67E522826903E0059852A /* Debug */,
				EAB67E532826903E0059852A /* Release */,
			);
			defaultConfigurationIsVisible = 0;
			defaultConfigurationName = Release;
		};
/* End XCConfigurationList section */

/* Begin XCVersionGroup section */
		EAB67E2A2826903B0059852A /* TWeatherPro.xcdatamodeld */ = {
			isa = XCVersionGroup;
			children = (
				EAB67E2B2826903B0059852A /* TWeatherPro.xcdatamodel */,
			);
			currentVersion = EAB67E2B2826903B0059852A /* TWeatherPro.xcdatamodel */;
			path = TWeatherPro.xcdatamodeld;
			sourceTree = "<group>";
			versionGroupType = wrapper.xcdatamodel;
		};
/* End XCVersionGroup section */
	};
	rootObject = EAB67E162826903B0059852A /* Project object */;
}
